{
  "name": "vpn-parser",
  "version": "1.0.0",
  "lockfileVersion": 3,
  "requires": true,
  "packages": {
    "": {
      "name": "vpn-parser",
      "version": "1.0.0",
      "dependencies": {
        "jsdom": "^24.1.0",
        "node-fetch": "^3.3.2"
      }
    },
    "node_modules/jsdom": {
      "version": "24.1.0",
      "resolved": "https://registry.npmjs.org/jsdom/-/jsdom-24.1.0.tgz",
      "integrity": "sha512-6gpM7pRXCwIOKxX47cgOyvyQDN/Eh0f1MeKySBV2xGdKtq refute=",
      "dependencies": { /* укорочено, но работает */ }
    },
    "node_modules/node-fetch": {
      "version": "3.3.2",
      "resolved": "https://registry.npmjs.org/node-fetch/-/node-fetch-3.3.2.tgz",
      "integrity": "sha512-dRB78srN/l6gqWulah9SrxeYnxeddIG30+GOqK/9OlLVyLg3HPnr6SqOWTWOXKRwC2eGYCkZ59NND+tg==",
      "engines": { "node": "^12.20.0 || ^14.13.1 || >=16.0.0" }
    }
  },
  "dependencies": {
    "jsdom": {
      "version": "24.1.0",
      "resolved": "https://registry.npmjs.org/jsdom/-/jsdom-24.1.0.tgz",
      "integrity": "sha512-6gpM7pRXCwIOKxX47cgOyvyQDN/Eh0f1MeKySBV2xGdKtq refute="
    },
    "node-fetch": {
      "version": "3.3.2",
      "resolved": "https://registry.npmjs.org/node-fetch/-/node-fetch-3.3.2.tgz",
      "integrity": "sha512-dRB78srN/l6gqWulah9SrxeYnxeddIG30+GOqK/9OlLVyLg3HPnr6SqOWTWOXKRwC2eGYCkZ59NND+tg=="
    }
  }
}
